
Microsoft Visual Studio Solution File, Format Version 12.00
Project("{FAE04EC0-301F-11D3-BF4B-00C04F79EFBC}") = "apbd-labs2", "apbd-labs2.csproj", "{051A5350-C8C1-421E-A659-9A7BA56D0E6D}"
EndProject
Global
	GlobalSection(SolutionConfigurationPlatforms) = preSolution
		Debug|Any CPU = Debug|Any CPU
		Release|Any CPU = Release|Any CPU
	EndGlobalSection
	GlobalSection(ProjectConfigurationPlatforms) = postSolution
		{051A5350-C8C1-421E-A659-9A7BA56D0E6D}.Debug|Any CPU.ActiveCfg = Debug|Any CPU
		{051A5350-C8C1-421E-A659-9A7BA56D0E6D}.Debug|Any CPU.Build.0 = Debug|Any CPU
		{051A5350-C8C1-421E-A659-9A7BA56D0E6D}.Release|Any CPU.ActiveCfg = Release|Any CPU
		{051A5350-C8C1-421E-A659-9A7BA56D0E6D}.Release|Any CPU.Build.0 = Release|Any CPU
	EndGlobalSection
EndGlobal
